
Microsoft Visual Studio Solution File, Format Version 12.00
Project("{FAE04EC0-301F-11D3-BF4B-00C04F79EFBC}") = "Splitter", "Splitter\Splitter.csproj", "{CFF0A3F4-E03F-4C8D-B0EF-10BC0843C1D4}"
EndProject
Global
	GlobalSection(SolutionConfigurationPlatforms) = preSolution
		Debug|Any CPU = Debug|Any CPU
		Release|Any CPU = Release|Any CPU
	EndGlobalSection
	GlobalSection(ProjectConfigurationPlatforms) = postSolution
		{CFF0A3F4-E03F-4C8D-B0EF-10BC0843C1D4}.Debug|Any CPU.ActiveCfg = Debug|Any CPU
		{CFF0A3F4-E03F-4C8D-B0EF-10BC0843C1D4}.Debug|Any CPU.Build.0 = Debug|Any CPU
		{CFF0A3F4-E03F-4C8D-B0EF-10BC0843C1D4}.Release|Any CPU.ActiveCfg = Release|Any CPU
		{CFF0A3F4-E03F-4C8D-B0EF-10BC0843C1D4}.Release|Any CPU.Build.0 = Release|Any CPU
	EndGlobalSection
EndGlobal
